
Microsoft Visual Studio Solution File, Format Version 12.00
# Visual Studio Version 17
VisualStudioVersion = 17.9.34728.123
MinimumVisualStudioVersion = 10.0.40219.1
Project("{9A19103F-16F7-4668-BE54-9A1E7A4F7556}") = "AssemblyVersionIncrementer", "AssemblyVersionIncrementer\AssemblyVersionIncrementer.csproj", "{2569CABA-3575-4020-9D05-7325F231BB9E}"
EndProject
Project("{2150E333-8FDC-42A3-9474-1A3956D46DE8}") = "Solution Items", "Solution Items", "{91483BA7-A8E2-4B2E-9956-5FDC174A5CA5}"
	ProjectSection(SolutionItems) = preProject
		README.MD = README.MD
	EndProjectSection
EndProject
Project("{FAE04EC0-301F-11D3-BF4B-00C04F79EFBC}") = "Tests", "Tests\Tests.csproj", "{236E2871-30FC-44DC-A9AE-BFEADD147350}"
EndProject
Global
	GlobalSection(SolutionConfigurationPlatforms) = preSolution
		Debug|Any CPU = Debug|Any CPU
		Release|Any CPU = Release|Any CPU
	EndGlobalSection
	GlobalSection(ProjectConfigurationPlatforms) = postSolution
		{2569CABA-3575-4020-9D05-7325F231BB9E}.Debug|Any CPU.ActiveCfg = Debug|Any CPU
		{2569CABA-3575-4020-9D05-7325F231BB9E}.Debug|Any CPU.Build.0 = Debug|Any CPU
		{2569CABA-3575-4020-9D05-7325F231BB9E}.Release|Any CPU.ActiveCfg = Release|Any CPU
		{2569CABA-3575-4020-9D05-7325F231BB9E}.Release|Any CPU.Build.0 = Release|Any CPU
		{236E2871-30FC-44DC-A9AE-BFEADD147350}.Debug|Any CPU.ActiveCfg = Debug|Any CPU
		{236E2871-30FC-44DC-A9AE-BFEADD147350}.Debug|Any CPU.Build.0 = Debug|Any CPU
		{236E2871-30FC-44DC-A9AE-BFEADD147350}.Release|Any CPU.ActiveCfg = Release|Any CPU
		{236E2871-30FC-44DC-A9AE-BFEADD147350}.Release|Any CPU.Build.0 = Release|Any CPU
	EndGlobalSection
	GlobalSection(SolutionProperties) = preSolution
		HideSolutionNode = FALSE
	EndGlobalSection
	GlobalSection(ExtensibilityGlobals) = postSolution
		SolutionGuid = {A81B34CF-B792-4C26-BF66-F2CA89128000}
	EndGlobalSection
EndGlobal
